
Microsoft Visual Studio Solution File, Format Version 12.00
# Visual Studio Version 17
VisualStudioVersion = 17.6.33829.357
MinimumVisualStudioVersion = 10.0.40219.1
Project("{9A19103F-16F7-4668-BE54-9A1E7A4F7556}") = "PublicApi", "PublicApi\PublicApi.csproj", "{BB325421-2B35-4535-B7D0-26181BDC84C5}"
EndProject
Project("{2150E333-8FDC-42A3-9474-1A3956D46DE8}") = "SolutionFolder", "SolutionFolder", "{7F1CAA5F-961F-49C8-B0EF-2E18E10D1BAA}"
	ProjectSection(SolutionItems) = preProject
		..\ReadMe.md = ..\ReadMe.md
	EndProjectSection
EndProject
Project("{9A19103F-16F7-4668-BE54-9A1E7A4F7556}") = "InternalApi", "InternalApi\InternalApi.csproj", "{14857A9D-452B-493A-816D-9095F3F2A715}"
EndProject
Project("{9A19103F-16F7-4668-BE54-9A1E7A4F7556}") = "DataStore", "API_DataBase\DataStore.csproj", "{4C5F286D-5E11-475A-A95E-719CF0EDF49E}"
EndProject
Project("{E53339B2-1760-4266-BCC7-CA923CBCF16C}") = "docker-compose", "docker-compose.dcproj", "{4449E1C9-92A0-456A-8712-F45A57FAF677}"
EndProject
Global
	GlobalSection(SolutionConfigurationPlatforms) = preSolution
		Debug|Any CPU = Debug|Any CPU
		Release|Any CPU = Release|Any CPU
	EndGlobalSection
	GlobalSection(ProjectConfigurationPlatforms) = postSolution
		{BB325421-2B35-4535-B7D0-26181BDC84C5}.Debug|Any CPU.ActiveCfg = Debug|Any CPU
		{BB325421-2B35-4535-B7D0-26181BDC84C5}.Debug|Any CPU.Build.0 = Debug|Any CPU
		{BB325421-2B35-4535-B7D0-26181BDC84C5}.Release|Any CPU.ActiveCfg = Release|Any CPU
		{BB325421-2B35-4535-B7D0-26181BDC84C5}.Release|Any CPU.Build.0 = Release|Any CPU
		{14857A9D-452B-493A-816D-9095F3F2A715}.Debug|Any CPU.ActiveCfg = Debug|Any CPU
		{14857A9D-452B-493A-816D-9095F3F2A715}.Debug|Any CPU.Build.0 = Debug|Any CPU
		{14857A9D-452B-493A-816D-9095F3F2A715}.Release|Any CPU.ActiveCfg = Release|Any CPU
		{14857A9D-452B-493A-816D-9095F3F2A715}.Release|Any CPU.Build.0 = Release|Any CPU
		{4C5F286D-5E11-475A-A95E-719CF0EDF49E}.Debug|Any CPU.ActiveCfg = Debug|Any CPU
		{4C5F286D-5E11-475A-A95E-719CF0EDF49E}.Debug|Any CPU.Build.0 = Debug|Any CPU
		{4C5F286D-5E11-475A-A95E-719CF0EDF49E}.Release|Any CPU.ActiveCfg = Release|Any CPU
		{4C5F286D-5E11-475A-A95E-719CF0EDF49E}.Release|Any CPU.Build.0 = Release|Any CPU
		{4449E1C9-92A0-456A-8712-F45A57FAF677}.Debug|Any CPU.ActiveCfg = Debug|Any CPU
		{4449E1C9-92A0-456A-8712-F45A57FAF677}.Debug|Any CPU.Build.0 = Debug|Any CPU
		{4449E1C9-92A0-456A-8712-F45A57FAF677}.Release|Any CPU.ActiveCfg = Release|Any CPU
		{4449E1C9-92A0-456A-8712-F45A57FAF677}.Release|Any CPU.Build.0 = Release|Any CPU
	EndGlobalSection
	GlobalSection(SolutionProperties) = preSolution
		HideSolutionNode = FALSE
	EndGlobalSection
	GlobalSection(ExtensibilityGlobals) = postSolution
		SolutionGuid = {E4C0A90F-8260-469B-B468-9EC49781DCD3}
	EndGlobalSection
EndGlobal
